
Microsoft Visual Studio Solution File, Format Version 12.00
# Visual Studio 15
VisualStudioVersion = 15.0.26621.2
MinimumVisualStudioVersion = 10.0.40219.1
Project("{9A19103F-16F7-4668-BE54-9A1E7A4F7556}") = "azuredctsp", "azuredctsp\azuredctsp.csproj", "{84FBB508-61FA-47E6-AF50-274235754E65}"
EndProject
Project("{E53339B2-1760-4266-BCC7-CA923CBCF16C}") = "docker-compose", "docker-compose.dcproj", "{272BC586-F886-40CA-9EC8-8D11899DBFA4}"
EndProject
Project("{888888A0-9F3D-457C-B088-3A5042F75D52}") = "apiserver", "apiserver\apiserver.pyproj", "{F198C517-FD56-4D82-BB7B-32A9083C0F6A}"
EndProject
Project("{151D2E53-A2C4-4D7D-83FE-D05416EBD58E}") = "azureiaas", "azureiaas\azureiaas.deployproj", "{4CA00E7D-078F-47A3-AD41-8B35BF45DC64}"
EndProject
Project("{2150E333-8FDC-42A3-9474-1A3956D46DE8}") = "deployment", "deployment", "{94D13ED6-3471-48FD-9433-C375C06DC6FE}"
EndProject
Global
	GlobalSection(SolutionConfigurationPlatforms) = preSolution
		Debug|Any CPU = Debug|Any CPU
		Release|Any CPU = Release|Any CPU
	EndGlobalSection
	GlobalSection(ProjectConfigurationPlatforms) = postSolution
		{84FBB508-61FA-47E6-AF50-274235754E65}.Debug|Any CPU.ActiveCfg = Debug|Any CPU
		{84FBB508-61FA-47E6-AF50-274235754E65}.Debug|Any CPU.Build.0 = Debug|Any CPU
		{84FBB508-61FA-47E6-AF50-274235754E65}.Release|Any CPU.ActiveCfg = Release|Any CPU
		{84FBB508-61FA-47E6-AF50-274235754E65}.Release|Any CPU.Build.0 = Release|Any CPU
		{272BC586-F886-40CA-9EC8-8D11899DBFA4}.Debug|Any CPU.ActiveCfg = Debug|Any CPU
		{272BC586-F886-40CA-9EC8-8D11899DBFA4}.Debug|Any CPU.Build.0 = Debug|Any CPU
		{272BC586-F886-40CA-9EC8-8D11899DBFA4}.Release|Any CPU.ActiveCfg = Release|Any CPU
		{272BC586-F886-40CA-9EC8-8D11899DBFA4}.Release|Any CPU.Build.0 = Release|Any CPU
		{F198C517-FD56-4D82-BB7B-32A9083C0F6A}.Debug|Any CPU.ActiveCfg = Debug|Any CPU
		{F198C517-FD56-4D82-BB7B-32A9083C0F6A}.Debug|Any CPU.Build.0 = Debug|Any CPU
		{F198C517-FD56-4D82-BB7B-32A9083C0F6A}.Release|Any CPU.ActiveCfg = Release|Any CPU
		{F198C517-FD56-4D82-BB7B-32A9083C0F6A}.Release|Any CPU.Build.0 = Release|Any CPU
		{4CA00E7D-078F-47A3-AD41-8B35BF45DC64}.Debug|Any CPU.ActiveCfg = Debug|Any CPU
		{4CA00E7D-078F-47A3-AD41-8B35BF45DC64}.Debug|Any CPU.Build.0 = Debug|Any CPU
		{4CA00E7D-078F-47A3-AD41-8B35BF45DC64}.Release|Any CPU.ActiveCfg = Release|Any CPU
		{4CA00E7D-078F-47A3-AD41-8B35BF45DC64}.Release|Any CPU.Build.0 = Release|Any CPU
	EndGlobalSection
	GlobalSection(SolutionProperties) = preSolution
		HideSolutionNode = FALSE
	EndGlobalSection
	GlobalSection(NestedProjects) = preSolution
		{4CA00E7D-078F-47A3-AD41-8B35BF45DC64} = {94D13ED6-3471-48FD-9433-C375C06DC6FE}
	EndGlobalSection
	GlobalSection(ExtensibilityGlobals) = postSolution
		SolutionGuid = {79B590F1-FC86-41D8-8191-C51B9A6D22B5}
	EndGlobalSection
EndGlobal
